
Microsoft Visual Studio Solution File, Format Version 12.00
# Visual Studio Version 17
VisualStudioVersion = 17.7.34031.279
MinimumVisualStudioVersion = 10.0.40219.1
Project("{FAE04EC0-301F-11D3-BF4B-00C04F79EFBC}") = "Singleton", "Singleton.csproj", "{C482FEAE-66A6-446B-A8E2-5703814BF5BA}"
EndProject
Global
	GlobalSection(SolutionConfigurationPlatforms) = preSolution
		Debug|Any CPU = Debug|Any CPU
		Release|Any CPU = Release|Any CPU
	EndGlobalSection
	GlobalSection(ProjectConfigurationPlatforms) = postSolution
		{C482FEAE-66A6-446B-A8E2-5703814BF5BA}.Debug|Any CPU.ActiveCfg = Debug|Any CPU
		{C482FEAE-66A6-446B-A8E2-5703814BF5BA}.Debug|Any CPU.Build.0 = Debug|Any CPU
		{C482FEAE-66A6-446B-A8E2-5703814BF5BA}.Release|Any CPU.ActiveCfg = Release|Any CPU
		{C482FEAE-66A6-446B-A8E2-5703814BF5BA}.Release|Any CPU.Build.0 = Release|Any CPU
	EndGlobalSection
	GlobalSection(SolutionProperties) = preSolution
		HideSolutionNode = FALSE
	EndGlobalSection
	GlobalSection(ExtensibilityGlobals) = postSolution
		SolutionGuid = {668A1E5F-D441-4079-A07F-C91A91990197}
	EndGlobalSection
EndGlobal
