
Microsoft Visual Studio Solution File, Format Version 12.00
# Visual Studio Version 17
VisualStudioVersion = 17.7.34031.279
MinimumVisualStudioVersion = 10.0.40219.1
Project("{FAE04EC0-301F-11D3-BF4B-00C04F79EFBC}") = "FabricMethod", "FabricMethod.csproj", "{D69CDCED-F722-42BC-BDA1-63D6CF435885}"
EndProject
Global
	GlobalSection(SolutionConfigurationPlatforms) = preSolution
		Debug|Any CPU = Debug|Any CPU
		Release|Any CPU = Release|Any CPU
	EndGlobalSection
	GlobalSection(ProjectConfigurationPlatforms) = postSolution
		{D69CDCED-F722-42BC-BDA1-63D6CF435885}.Debug|Any CPU.ActiveCfg = Debug|Any CPU
		{D69CDCED-F722-42BC-BDA1-63D6CF435885}.Debug|Any CPU.Build.0 = Debug|Any CPU
		{D69CDCED-F722-42BC-BDA1-63D6CF435885}.Release|Any CPU.ActiveCfg = Release|Any CPU
		{D69CDCED-F722-42BC-BDA1-63D6CF435885}.Release|Any CPU.Build.0 = Release|Any CPU
	EndGlobalSection
	GlobalSection(SolutionProperties) = preSolution
		HideSolutionNode = FALSE
	EndGlobalSection
	GlobalSection(ExtensibilityGlobals) = postSolution
		SolutionGuid = {CE33B945-F3CC-4FD2-B190-40374E49FD12}
	EndGlobalSection
EndGlobal
