
Microsoft Visual Studio Solution File, Format Version 12.00
# Visual Studio Version 17
VisualStudioVersion = 17.7.34031.279
MinimumVisualStudioVersion = 10.0.40219.1
Project("{FAE04EC0-301F-11D3-BF4B-00C04F79EFBC}") = "AbstractFactory", "AbstractFactory.csproj", "{808CD41E-ECCF-48CC-9211-429F5B845702}"
EndProject
Global
	GlobalSection(SolutionConfigurationPlatforms) = preSolution
		Debug|Any CPU = Debug|Any CPU
		Release|Any CPU = Release|Any CPU
	EndGlobalSection
	GlobalSection(ProjectConfigurationPlatforms) = postSolution
		{808CD41E-ECCF-48CC-9211-429F5B845702}.Debug|Any CPU.ActiveCfg = Debug|Any CPU
		{808CD41E-ECCF-48CC-9211-429F5B845702}.Debug|Any CPU.Build.0 = Debug|Any CPU
		{808CD41E-ECCF-48CC-9211-429F5B845702}.Release|Any CPU.ActiveCfg = Release|Any CPU
		{808CD41E-ECCF-48CC-9211-429F5B845702}.Release|Any CPU.Build.0 = Release|Any CPU
	EndGlobalSection
	GlobalSection(SolutionProperties) = preSolution
		HideSolutionNode = FALSE
	EndGlobalSection
	GlobalSection(ExtensibilityGlobals) = postSolution
		SolutionGuid = {CAECFCF7-4804-44D0-B1C2-9FA27ADF75C6}
	EndGlobalSection
EndGlobal
