
Microsoft Visual Studio Solution File, Format Version 12.00
# Visual Studio Version 17
VisualStudioVersion = 17.7.34031.279
MinimumVisualStudioVersion = 10.0.40219.1
Project("{FAE04EC0-301F-11D3-BF4B-00C04F79EFBC}") = "Bridge", "Bridge.csproj", "{E10EEFEC-D4EC-41C0-93F3-E9255A2431CB}"
EndProject
Global
	GlobalSection(SolutionConfigurationPlatforms) = preSolution
		Debug|Any CPU = Debug|Any CPU
		Release|Any CPU = Release|Any CPU
	EndGlobalSection
	GlobalSection(ProjectConfigurationPlatforms) = postSolution
		{E10EEFEC-D4EC-41C0-93F3-E9255A2431CB}.Debug|Any CPU.ActiveCfg = Debug|Any CPU
		{E10EEFEC-D4EC-41C0-93F3-E9255A2431CB}.Debug|Any CPU.Build.0 = Debug|Any CPU
		{E10EEFEC-D4EC-41C0-93F3-E9255A2431CB}.Release|Any CPU.ActiveCfg = Release|Any CPU
		{E10EEFEC-D4EC-41C0-93F3-E9255A2431CB}.Release|Any CPU.Build.0 = Release|Any CPU
	EndGlobalSection
	GlobalSection(SolutionProperties) = preSolution
		HideSolutionNode = FALSE
	EndGlobalSection
	GlobalSection(ExtensibilityGlobals) = postSolution
		SolutionGuid = {BAC315D0-2D3D-4BDA-A5A6-70D2B448E8B9}
	EndGlobalSection
EndGlobal
