
Microsoft Visual Studio Solution File, Format Version 12.00
# Visual Studio Version 17
VisualStudioVersion = 17.7.34031.279
MinimumVisualStudioVersion = 10.0.40219.1
Project("{FAE04EC0-301F-11D3-BF4B-00C04F79EFBC}") = "Prototype", "Prototype.csproj", "{EC3A805D-D97D-46B3-A9FF-2D15103C771C}"
EndProject
Global
	GlobalSection(SolutionConfigurationPlatforms) = preSolution
		Debug|Any CPU = Debug|Any CPU
		Release|Any CPU = Release|Any CPU
	EndGlobalSection
	GlobalSection(ProjectConfigurationPlatforms) = postSolution
		{EC3A805D-D97D-46B3-A9FF-2D15103C771C}.Debug|Any CPU.ActiveCfg = Debug|Any CPU
		{EC3A805D-D97D-46B3-A9FF-2D15103C771C}.Debug|Any CPU.Build.0 = Debug|Any CPU
		{EC3A805D-D97D-46B3-A9FF-2D15103C771C}.Release|Any CPU.ActiveCfg = Release|Any CPU
		{EC3A805D-D97D-46B3-A9FF-2D15103C771C}.Release|Any CPU.Build.0 = Release|Any CPU
	EndGlobalSection
	GlobalSection(SolutionProperties) = preSolution
		HideSolutionNode = FALSE
	EndGlobalSection
	GlobalSection(ExtensibilityGlobals) = postSolution
		SolutionGuid = {75D4C7E6-065A-4F08-BC0A-CA1BF09DE881}
	EndGlobalSection
EndGlobal
